
Microsoft Visual Studio Solution File, Format Version 12.00
# Visual Studio Version 17
VisualStudioVersion = 17.0.31903.59
MinimumVisualStudioVersion = 10.0.40219.1
Project("{2150E333-8FDC-42A3-9474-1A3956D46DE8}") = "1_ZakladniPojmyProgramovani", "1_ZakladniPojmyProgramovani", "{E36321F5-FB06-AC2D-1FF1-1F848A18A36F}"
EndProject
Project("{FAE04EC0-301F-11D3-BF4B-00C04F79EFBC}") = "KvadratickaRovnice", "..\1_ZakladniPojmyProgramovani\Projekty\KvadratickaRovnice\KvadratickaRovnice.csproj", "{52EEA608-5ABD-4578-B1CD-FF2EF99D886D}"
EndProject
Project("{FAE04EC0-301F-11D3-BF4B-00C04F79EFBC}") = "Kalkulacka", "..\1_ZakladniPojmyProgramovani\Projekty\Kalkulacka\Kalkulacka.csproj", "{21E81882-EF37-4CD0-B9D7-FF19CA3E6B46}"
EndProject
Project("{FAE04EC0-301F-11D3-BF4B-00C04F79EFBC}") = "PrevodStupnu", "..\1_ZakladniPojmyProgramovani\Projekty\PrevodStupnu\PrevodStupnu.csproj", "{C4C75AFE-8079-4E44-8BA9-B78EC6028CC8}"
EndProject
Project("{FAE04EC0-301F-11D3-BF4B-00C04F79EFBC}") = "Obdelnik", "..\1_ZakladniPojmyProgramovani\Projekty\Obdelnik\Obdelnik.csproj", "{2A111806-6BF4-4272-83BC-BF2379E58A7E}"
EndProject
Project("{FAE04EC0-301F-11D3-BF4B-00C04F79EFBC}") = "SudeLiche", "..\1_ZakladniPojmyProgramovani\Projekty\SudeLiche\SudeLiche.csproj", "{2ED8617F-C590-43DE-8FB0-D611974EA991}"
EndProject
Project("{2150E333-8FDC-42A3-9474-1A3956D46DE8}") = "2_ZakladniPrincipyOOP", "2_ZakladniPrincipyOOP", "{24131DC4-047D-8BE2-8EA6-166C7D8F4695}"
EndProject
Project("{2150E333-8FDC-42A3-9474-1A3956D46DE8}") = "Projekty", "Projekty", "{745D1D5B-0595-6D8B-DA6C-B87A7CB673F9}"
EndProject
Project("{FAE04EC0-301F-11D3-BF4B-00C04F79EFBC}") = "Ucet", "..\2_ZakladniPrincipyOOP\Projekty\Ucet\Ucet.csproj", "{CD89096F-3E44-4ACB-B9D1-4949092D617D}"
EndProject
Project("{FAE04EC0-301F-11D3-BF4B-00C04F79EFBC}") = "Zvirata", "..\2_ZakladniPrincipyOOP\Projekty\Zvirata\Zvirata.csproj", "{93F195F9-ED04-43E2-8CE7-186BA2C87782}"
EndProject
Project("{FAE04EC0-301F-11D3-BF4B-00C04F79EFBC}") = "Tvary", "..\2_ZakladniPrincipyOOP\Projekty\Tvary\Tvary.csproj", "{1105FD16-F608-436E-9BF5-A3E244B7494E}"
EndProject
Project("{FAE04EC0-301F-11D3-BF4B-00C04F79EFBC}") = "Eshop", "..\2_ZakladniPrincipyOOP\Projekty\Eshop\Eshop.csproj", "{9E3156CE-6866-436E-BFBD-5B03A3964104}"
EndProject
Project("{FAE04EC0-301F-11D3-BF4B-00C04F79EFBC}") = "Zamestnanci", "..\2_ZakladniPrincipyOOP\Projekty\Zamestnanci\Zamestnanci.csproj", "{8FBE538C-2A53-482B-A953-17DC019E9E54}"
EndProject
Project("{2150E333-8FDC-42A3-9474-1A3956D46DE8}") = "3_Vetveni", "3_Vetveni", "{D50CE0B6-9E1F-189D-7A98-4A8383ACB4B6}"
EndProject
Project("{2150E333-8FDC-42A3-9474-1A3956D46DE8}") = "Projekty", "Projekty", "{C8FE6873-79B6-BF29-3F89-39DF84EB9862}"
EndProject
Project("{FAE04EC0-301F-11D3-BF4B-00C04F79EFBC}") = "Maximum3", "..\3_Vetveni\Projekty\Maximum3\Maximum3.csproj", "{487BE27B-90AC-4A7D-8CC6-0FE43F82FFEB}"
EndProject
Project("{FAE04EC0-301F-11D3-BF4B-00C04F79EFBC}") = "Znamky", "..\3_Vetveni\Projekty\Znamky\Znamky.csproj", "{4A846D1E-73A9-4664-A78F-66B00E99B7AE}"
EndProject
Project("{FAE04EC0-301F-11D3-BF4B-00C04F79EFBC}") = "Kalkulacka", "..\3_Vetveni\Projekty\Kalkulacka\Kalkulacka.csproj", "{DC5472F1-6DF5-4843-9415-FCAC8E4DEFC0}"
EndProject
Project("{FAE04EC0-301F-11D3-BF4B-00C04F79EFBC}") = "BMI", "..\3_Vetveni\Projekty\BMI\BMI.csproj", "{96F086F2-CACC-4432-978B-A724013D17C8}"
EndProject
Project("{2150E333-8FDC-42A3-9474-1A3956D46DE8}") = "4_Cykly", "4_Cykly", "{29572279-E89C-22B2-3845-3BA7A10004AE}"
EndProject
Project("{2150E333-8FDC-42A3-9474-1A3956D46DE8}") = "Projekty", "Projekty", "{3158297F-2FB5-D5B7-0694-18AAD7AC5DF4}"
EndProject
Project("{FAE04EC0-301F-11D3-BF4B-00C04F79EFBC}") = "SoucetNCisel", "..\4_Cykly\Projekty\SoucetNCisel\SoucetNCisel.csproj", "{A11DBFE1-84ED-43BC-AC16-2C0C6120734A}"
EndProject
Project("{FAE04EC0-301F-11D3-BF4B-00C04F79EFBC}") = "Factorial", "..\4_Cykly\Projekty\Factorial\Factorial.csproj", "{FD723C90-42B2-4FAD-873D-24F924B80A80}"
EndProject
Project("{FAE04EC0-301F-11D3-BF4B-00C04F79EFBC}") = "PrumerPole", "..\4_Cykly\Projekty\PrumerPole\PrumerPole.csproj", "{99A409DB-542E-488B-9F0E-24C56A3CD13C}"
EndProject
Project("{2150E333-8FDC-42A3-9474-1A3956D46DE8}") = "5_Rekurze", "5_Rekurze", "{FD34F748-9187-5A6D-D169-12C79F2F46EA}"
EndProject
Project("{2150E333-8FDC-42A3-9474-1A3956D46DE8}") = "Projekty", "Projekty", "{3F3A0272-98FF-362B-CC44-A9AC789C6933}"
EndProject
Project("{FAE04EC0-301F-11D3-BF4B-00C04F79EFBC}") = "FactorialRecursion", "..\5_Rekurze\Projekty\FactorialRecursion\FactorialRecursion.csproj", "{8B595161-7536-4CC4-9C3B-CBA085917963}"
EndProject
Project("{2150E333-8FDC-42A3-9474-1A3956D46DE8}") = "6_CiselneSoustavy", "6_CiselneSoustavy", "{FDD8A262-C11E-92F3-7FEE-07CF0492C105}"
EndProject
Project("{2150E333-8FDC-42A3-9474-1A3956D46DE8}") = "Projekty", "Projekty", "{3BDCE6E1-2610-7A1B-EE8D-5BA946E51D49}"
EndProject
Project("{FAE04EC0-301F-11D3-BF4B-00C04F79EFBC}") = "Dec2Bin", "..\6_CiselneSoustavy\Projekty\Dec2Bin\Dec2Bin.csproj", "{2FD6DB52-F3D4-4E07-8A45-3F8121E16852}"
EndProject
Project("{FAE04EC0-301F-11D3-BF4B-00C04F79EFBC}") = "Bin2Dec", "..\6_CiselneSoustavy\Projekty\Bin2Dec\Bin2Dec.csproj", "{63EF722C-1EA7-4766-ADC6-EACD126AA9CA}"
EndProject
Project("{FAE04EC0-301F-11D3-BF4B-00C04F79EFBC}") = "Hex2Dec", "..\6_CiselneSoustavy\Projekty\Hex2Dec\Hex2Dec.csproj", "{BAC556F5-729C-446E-81B8-1B1410BBF1D1}"
EndProject
Project("{FAE04EC0-301F-11D3-BF4B-00C04F79EFBC}") = "Sorts", "..\8_RadicAlgoritmy\Sorts\Sorts.csproj", "{6DD450C8-5B64-45C0-B3DF-0B3127D077E2}"
EndProject
Project("{FAE04EC0-301F-11D3-BF4B-00C04F79EFBC}") = "RecFib", "..\5_Rekurze\Projekty\RecFib\RecFib.csproj", "{925966A2-8727-47B8-985D-BAECBBEC5F15}"
EndProject
Project("{FAE04EC0-301F-11D3-BF4B-00C04F79EFBC}") = "Palindrome", "..\5_Rekurze\Projekty\Palindrome\Palindrome.csproj", "{84AABD4E-F272-4FE3-A26E-8EE9A008BA06}"
EndProject
Project("{FAE04EC0-301F-11D3-BF4B-00C04F79EFBC}") = "2DNSServers", "..\15_PocitacoveSite\2DNSServers\2DNSServers.csproj", "{4E9D2DD6-79B8-404E-B84B-38412F7A9509}"
EndProject
Project("{FAE04EC0-301F-11D3-BF4B-00C04F79EFBC}") = "Zvirata", "..\2_ZakladniPrincipyOOP\Projekty\Zvirata\Zvirata.csproj", "{ABA99A37-94E1-46B1-8786-261663C53081}"
EndProject
Global
	GlobalSection(SolutionConfigurationPlatforms) = preSolution
		Debug|Any CPU = Debug|Any CPU
		Debug|x64 = Debug|x64
		Debug|x86 = Debug|x86
		Release|Any CPU = Release|Any CPU
		Release|x64 = Release|x64
		Release|x86 = Release|x86
	EndGlobalSection
	GlobalSection(ProjectConfigurationPlatforms) = postSolution
		{52EEA608-5ABD-4578-B1CD-FF2EF99D886D}.Debug|Any CPU.ActiveCfg = Debug|Any CPU
		{52EEA608-5ABD-4578-B1CD-FF2EF99D886D}.Debug|Any CPU.Build.0 = Debug|Any CPU
		{52EEA608-5ABD-4578-B1CD-FF2EF99D886D}.Debug|x64.ActiveCfg = Debug|Any CPU
		{52EEA608-5ABD-4578-B1CD-FF2EF99D886D}.Debug|x64.Build.0 = Debug|Any CPU
		{52EEA608-5ABD-4578-B1CD-FF2EF99D886D}.Debug|x86.ActiveCfg = Debug|Any CPU
		{52EEA608-5ABD-4578-B1CD-FF2EF99D886D}.Debug|x86.Build.0 = Debug|Any CPU
		{52EEA608-5ABD-4578-B1CD-FF2EF99D886D}.Release|Any CPU.ActiveCfg = Release|Any CPU
		{52EEA608-5ABD-4578-B1CD-FF2EF99D886D}.Release|Any CPU.Build.0 = Release|Any CPU
		{52EEA608-5ABD-4578-B1CD-FF2EF99D886D}.Release|x64.ActiveCfg = Release|Any CPU
		{52EEA608-5ABD-4578-B1CD-FF2EF99D886D}.Release|x64.Build.0 = Release|Any CPU
		{52EEA608-5ABD-4578-B1CD-FF2EF99D886D}.Release|x86.ActiveCfg = Release|Any CPU
		{52EEA608-5ABD-4578-B1CD-FF2EF99D886D}.Release|x86.Build.0 = Release|Any CPU
		{21E81882-EF37-4CD0-B9D7-FF19CA3E6B46}.Debug|Any CPU.ActiveCfg = Debug|Any CPU
		{21E81882-EF37-4CD0-B9D7-FF19CA3E6B46}.Debug|Any CPU.Build.0 = Debug|Any CPU
		{21E81882-EF37-4CD0-B9D7-FF19CA3E6B46}.Debug|x64.ActiveCfg = Debug|Any CPU
		{21E81882-EF37-4CD0-B9D7-FF19CA3E6B46}.Debug|x64.Build.0 = Debug|Any CPU
		{21E81882-EF37-4CD0-B9D7-FF19CA3E6B46}.Debug|x86.ActiveCfg = Debug|Any CPU
		{21E81882-EF37-4CD0-B9D7-FF19CA3E6B46}.Debug|x86.Build.0 = Debug|Any CPU
		{21E81882-EF37-4CD0-B9D7-FF19CA3E6B46}.Release|Any CPU.ActiveCfg = Release|Any CPU
		{21E81882-EF37-4CD0-B9D7-FF19CA3E6B46}.Release|Any CPU.Build.0 = Release|Any CPU
		{21E81882-EF37-4CD0-B9D7-FF19CA3E6B46}.Release|x64.ActiveCfg = Release|Any CPU
		{21E81882-EF37-4CD0-B9D7-FF19CA3E6B46}.Release|x64.Build.0 = Release|Any CPU
		{21E81882-EF37-4CD0-B9D7-FF19CA3E6B46}.Release|x86.ActiveCfg = Release|Any CPU
		{21E81882-EF37-4CD0-B9D7-FF19CA3E6B46}.Release|x86.Build.0 = Release|Any CPU
		{C4C75AFE-8079-4E44-8BA9-B78EC6028CC8}.Debug|Any CPU.ActiveCfg = Debug|Any CPU
		{C4C75AFE-8079-4E44-8BA9-B78EC6028CC8}.Debug|Any CPU.Build.0 = Debug|Any CPU
		{C4C75AFE-8079-4E44-8BA9-B78EC6028CC8}.Debug|x64.ActiveCfg = Debug|Any CPU
		{C4C75AFE-8079-4E44-8BA9-B78EC6028CC8}.Debug|x64.Build.0 = Debug|Any CPU
		{C4C75AFE-8079-4E44-8BA9-B78EC6028CC8}.Debug|x86.ActiveCfg = Debug|Any CPU
		{C4C75AFE-8079-4E44-8BA9-B78EC6028CC8}.Debug|x86.Build.0 = Debug|Any CPU
		{C4C75AFE-8079-4E44-8BA9-B78EC6028CC8}.Release|Any CPU.ActiveCfg = Release|Any CPU
		{C4C75AFE-8079-4E44-8BA9-B78EC6028CC8}.Release|Any CPU.Build.0 = Release|Any CPU
		{C4C75AFE-8079-4E44-8BA9-B78EC6028CC8}.Release|x64.ActiveCfg = Release|Any CPU
		{C4C75AFE-8079-4E44-8BA9-B78EC6028CC8}.Release|x64.Build.0 = Release|Any CPU
		{C4C75AFE-8079-4E44-8BA9-B78EC6028CC8}.Release|x86.ActiveCfg = Release|Any CPU
		{C4C75AFE-8079-4E44-8BA9-B78EC6028CC8}.Release|x86.Build.0 = Release|Any CPU
		{2A111806-6BF4-4272-83BC-BF2379E58A7E}.Debug|Any CPU.ActiveCfg = Debug|Any CPU
		{2A111806-6BF4-4272-83BC-BF2379E58A7E}.Debug|Any CPU.Build.0 = Debug|Any CPU
		{2A111806-6BF4-4272-83BC-BF2379E58A7E}.Debug|x64.ActiveCfg = Debug|Any CPU
		{2A111806-6BF4-4272-83BC-BF2379E58A7E}.Debug|x64.Build.0 = Debug|Any CPU
		{2A111806-6BF4-4272-83BC-BF2379E58A7E}.Debug|x86.ActiveCfg = Debug|Any CPU
		{2A111806-6BF4-4272-83BC-BF2379E58A7E}.Debug|x86.Build.0 = Debug|Any CPU
		{2A111806-6BF4-4272-83BC-BF2379E58A7E}.Release|Any CPU.ActiveCfg = Release|Any CPU
		{2A111806-6BF4-4272-83BC-BF2379E58A7E}.Release|Any CPU.Build.0 = Release|Any CPU
		{2A111806-6BF4-4272-83BC-BF2379E58A7E}.Release|x64.ActiveCfg = Release|Any CPU
		{2A111806-6BF4-4272-83BC-BF2379E58A7E}.Release|x64.Build.0 = Release|Any CPU
		{2A111806-6BF4-4272-83BC-BF2379E58A7E}.Release|x86.ActiveCfg = Release|Any CPU
		{2A111806-6BF4-4272-83BC-BF2379E58A7E}.Release|x86.Build.0 = Release|Any CPU
		{2ED8617F-C590-43DE-8FB0-D611974EA991}.Debug|Any CPU.ActiveCfg = Debug|Any CPU
		{2ED8617F-C590-43DE-8FB0-D611974EA991}.Debug|Any CPU.Build.0 = Debug|Any CPU
		{2ED8617F-C590-43DE-8FB0-D611974EA991}.Debug|x64.ActiveCfg = Debug|Any CPU
		{2ED8617F-C590-43DE-8FB0-D611974EA991}.Debug|x64.Build.0 = Debug|Any CPU
		{2ED8617F-C590-43DE-8FB0-D611974EA991}.Debug|x86.ActiveCfg = Debug|Any CPU
		{2ED8617F-C590-43DE-8FB0-D611974EA991}.Debug|x86.Build.0 = Debug|Any CPU
		{2ED8617F-C590-43DE-8FB0-D611974EA991}.Release|Any CPU.ActiveCfg = Release|Any CPU
		{2ED8617F-C590-43DE-8FB0-D611974EA991}.Release|Any CPU.Build.0 = Release|Any CPU
		{2ED8617F-C590-43DE-8FB0-D611974EA991}.Release|x64.ActiveCfg = Release|Any CPU
		{2ED8617F-C590-43DE-8FB0-D611974EA991}.Release|x64.Build.0 = Release|Any CPU
		{2ED8617F-C590-43DE-8FB0-D611974EA991}.Release|x86.ActiveCfg = Release|Any CPU
		{2ED8617F-C590-43DE-8FB0-D611974EA991}.Release|x86.Build.0 = Release|Any CPU
		{CD89096F-3E44-4ACB-B9D1-4949092D617D}.Debug|Any CPU.ActiveCfg = Debug|Any CPU
		{CD89096F-3E44-4ACB-B9D1-4949092D617D}.Debug|Any CPU.Build.0 = Debug|Any CPU
		{CD89096F-3E44-4ACB-B9D1-4949092D617D}.Debug|x64.ActiveCfg = Debug|Any CPU
		{CD89096F-3E44-4ACB-B9D1-4949092D617D}.Debug|x64.Build.0 = Debug|Any CPU
		{CD89096F-3E44-4ACB-B9D1-4949092D617D}.Debug|x86.ActiveCfg = Debug|Any CPU
		{CD89096F-3E44-4ACB-B9D1-4949092D617D}.Debug|x86.Build.0 = Debug|Any CPU
		{CD89096F-3E44-4ACB-B9D1-4949092D617D}.Release|Any CPU.ActiveCfg = Release|Any CPU
		{CD89096F-3E44-4ACB-B9D1-4949092D617D}.Release|Any CPU.Build.0 = Release|Any CPU
		{CD89096F-3E44-4ACB-B9D1-4949092D617D}.Release|x64.ActiveCfg = Release|Any CPU
		{CD89096F-3E44-4ACB-B9D1-4949092D617D}.Release|x64.Build.0 = Release|Any CPU
		{CD89096F-3E44-4ACB-B9D1-4949092D617D}.Release|x86.ActiveCfg = Release|Any CPU
		{CD89096F-3E44-4ACB-B9D1-4949092D617D}.Release|x86.Build.0 = Release|Any CPU
		{93F195F9-ED04-43E2-8CE7-186BA2C87782}.Debug|Any CPU.ActiveCfg = Debug|Any CPU
		{93F195F9-ED04-43E2-8CE7-186BA2C87782}.Debug|Any CPU.Build.0 = Debug|Any CPU
		{93F195F9-ED04-43E2-8CE7-186BA2C87782}.Debug|x64.ActiveCfg = Debug|Any CPU
		{93F195F9-ED04-43E2-8CE7-186BA2C87782}.Debug|x64.Build.0 = Debug|Any CPU
		{93F195F9-ED04-43E2-8CE7-186BA2C87782}.Debug|x86.ActiveCfg = Debug|Any CPU
		{93F195F9-ED04-43E2-8CE7-186BA2C87782}.Debug|x86.Build.0 = Debug|Any CPU
		{93F195F9-ED04-43E2-8CE7-186BA2C87782}.Release|Any CPU.ActiveCfg = Release|Any CPU
		{93F195F9-ED04-43E2-8CE7-186BA2C87782}.Release|Any CPU.Build.0 = Release|Any CPU
		{93F195F9-ED04-43E2-8CE7-186BA2C87782}.Release|x64.ActiveCfg = Release|Any CPU
		{93F195F9-ED04-43E2-8CE7-186BA2C87782}.Release|x64.Build.0 = Release|Any CPU
		{93F195F9-ED04-43E2-8CE7-186BA2C87782}.Release|x86.ActiveCfg = Release|Any CPU
		{93F195F9-ED04-43E2-8CE7-186BA2C87782}.Release|x86.Build.0 = Release|Any CPU
		{1105FD16-F608-436E-9BF5-A3E244B7494E}.Debug|Any CPU.ActiveCfg = Debug|Any CPU
		{1105FD16-F608-436E-9BF5-A3E244B7494E}.Debug|Any CPU.Build.0 = Debug|Any CPU
		{1105FD16-F608-436E-9BF5-A3E244B7494E}.Debug|x64.ActiveCfg = Debug|Any CPU
		{1105FD16-F608-436E-9BF5-A3E244B7494E}.Debug|x64.Build.0 = Debug|Any CPU
		{1105FD16-F608-436E-9BF5-A3E244B7494E}.Debug|x86.ActiveCfg = Debug|Any CPU
		{1105FD16-F608-436E-9BF5-A3E244B7494E}.Debug|x86.Build.0 = Debug|Any CPU
		{1105FD16-F608-436E-9BF5-A3E244B7494E}.Release|Any CPU.ActiveCfg = Release|Any CPU
		{1105FD16-F608-436E-9BF5-A3E244B7494E}.Release|Any CPU.Build.0 = Release|Any CPU
		{1105FD16-F608-436E-9BF5-A3E244B7494E}.Release|x64.ActiveCfg = Release|Any CPU
		{1105FD16-F608-436E-9BF5-A3E244B7494E}.Release|x64.Build.0 = Release|Any CPU
		{1105FD16-F608-436E-9BF5-A3E244B7494E}.Release|x86.ActiveCfg = Release|Any CPU
		{1105FD16-F608-436E-9BF5-A3E244B7494E}.Release|x86.Build.0 = Release|Any CPU
		{9E3156CE-6866-436E-BFBD-5B03A3964104}.Debug|Any CPU.ActiveCfg = Debug|Any CPU
		{9E3156CE-6866-436E-BFBD-5B03A3964104}.Debug|Any CPU.Build.0 = Debug|Any CPU
		{9E3156CE-6866-436E-BFBD-5B03A3964104}.Debug|x64.ActiveCfg = Debug|Any CPU
		{9E3156CE-6866-436E-BFBD-5B03A3964104}.Debug|x64.Build.0 = Debug|Any CPU
		{9E3156CE-6866-436E-BFBD-5B03A3964104}.Debug|x86.ActiveCfg = Debug|Any CPU
		{9E3156CE-6866-436E-BFBD-5B03A3964104}.Debug|x86.Build.0 = Debug|Any CPU
		{9E3156CE-6866-436E-BFBD-5B03A3964104}.Release|Any CPU.ActiveCfg = Release|Any CPU
		{9E3156CE-6866-436E-BFBD-5B03A3964104}.Release|Any CPU.Build.0 = Release|Any CPU
		{9E3156CE-6866-436E-BFBD-5B03A3964104}.Release|x64.ActiveCfg = Release|Any CPU
		{9E3156CE-6866-436E-BFBD-5B03A3964104}.Release|x64.Build.0 = Release|Any CPU
		{9E3156CE-6866-436E-BFBD-5B03A3964104}.Release|x86.ActiveCfg = Release|Any CPU
		{9E3156CE-6866-436E-BFBD-5B03A3964104}.Release|x86.Build.0 = Release|Any CPU
		{8FBE538C-2A53-482B-A953-17DC019E9E54}.Debug|Any CPU.ActiveCfg = Debug|Any CPU
		{8FBE538C-2A53-482B-A953-17DC019E9E54}.Debug|Any CPU.Build.0 = Debug|Any CPU
		{8FBE538C-2A53-482B-A953-17DC019E9E54}.Debug|x64.ActiveCfg = Debug|Any CPU
		{8FBE538C-2A53-482B-A953-17DC019E9E54}.Debug|x64.Build.0 = Debug|Any CPU
		{8FBE538C-2A53-482B-A953-17DC019E9E54}.Debug|x86.ActiveCfg = Debug|Any CPU
		{8FBE538C-2A53-482B-A953-17DC019E9E54}.Debug|x86.Build.0 = Debug|Any CPU
		{8FBE538C-2A53-482B-A953-17DC019E9E54}.Release|Any CPU.ActiveCfg = Release|Any CPU
		{8FBE538C-2A53-482B-A953-17DC019E9E54}.Release|Any CPU.Build.0 = Release|Any CPU
		{8FBE538C-2A53-482B-A953-17DC019E9E54}.Release|x64.ActiveCfg = Release|Any CPU
		{8FBE538C-2A53-482B-A953-17DC019E9E54}.Release|x64.Build.0 = Release|Any CPU
		{8FBE538C-2A53-482B-A953-17DC019E9E54}.Release|x86.ActiveCfg = Release|Any CPU
		{8FBE538C-2A53-482B-A953-17DC019E9E54}.Release|x86.Build.0 = Release|Any CPU
		{487BE27B-90AC-4A7D-8CC6-0FE43F82FFEB}.Debug|Any CPU.ActiveCfg = Debug|Any CPU
		{487BE27B-90AC-4A7D-8CC6-0FE43F82FFEB}.Debug|Any CPU.Build.0 = Debug|Any CPU
		{487BE27B-90AC-4A7D-8CC6-0FE43F82FFEB}.Debug|x64.ActiveCfg = Debug|Any CPU
		{487BE27B-90AC-4A7D-8CC6-0FE43F82FFEB}.Debug|x64.Build.0 = Debug|Any CPU
		{487BE27B-90AC-4A7D-8CC6-0FE43F82FFEB}.Debug|x86.ActiveCfg = Debug|Any CPU
		{487BE27B-90AC-4A7D-8CC6-0FE43F82FFEB}.Debug|x86.Build.0 = Debug|Any CPU
		{487BE27B-90AC-4A7D-8CC6-0FE43F82FFEB}.Release|Any CPU.ActiveCfg = Release|Any CPU
		{487BE27B-90AC-4A7D-8CC6-0FE43F82FFEB}.Release|Any CPU.Build.0 = Release|Any CPU
		{487BE27B-90AC-4A7D-8CC6-0FE43F82FFEB}.Release|x64.ActiveCfg = Release|Any CPU
		{487BE27B-90AC-4A7D-8CC6-0FE43F82FFEB}.Release|x64.Build.0 = Release|Any CPU
		{487BE27B-90AC-4A7D-8CC6-0FE43F82FFEB}.Release|x86.ActiveCfg = Release|Any CPU
		{487BE27B-90AC-4A7D-8CC6-0FE43F82FFEB}.Release|x86.Build.0 = Release|Any CPU
		{4A846D1E-73A9-4664-A78F-66B00E99B7AE}.Debug|Any CPU.ActiveCfg = Debug|Any CPU
		{4A846D1E-73A9-4664-A78F-66B00E99B7AE}.Debug|Any CPU.Build.0 = Debug|Any CPU
		{4A846D1E-73A9-4664-A78F-66B00E99B7AE}.Debug|x64.ActiveCfg = Debug|Any CPU
		{4A846D1E-73A9-4664-A78F-66B00E99B7AE}.Debug|x64.Build.0 = Debug|Any CPU
		{4A846D1E-73A9-4664-A78F-66B00E99B7AE}.Debug|x86.ActiveCfg = Debug|Any CPU
		{4A846D1E-73A9-4664-A78F-66B00E99B7AE}.Debug|x86.Build.0 = Debug|Any CPU
		{4A846D1E-73A9-4664-A78F-66B00E99B7AE}.Release|Any CPU.ActiveCfg = Release|Any CPU
		{4A846D1E-73A9-4664-A78F-66B00E99B7AE}.Release|Any CPU.Build.0 = Release|Any CPU
		{4A846D1E-73A9-4664-A78F-66B00E99B7AE}.Release|x64.ActiveCfg = Release|Any CPU
		{4A846D1E-73A9-4664-A78F-66B00E99B7AE}.Release|x64.Build.0 = Release|Any CPU
		{4A846D1E-73A9-4664-A78F-66B00E99B7AE}.Release|x86.ActiveCfg = Release|Any CPU
		{4A846D1E-73A9-4664-A78F-66B00E99B7AE}.Release|x86.Build.0 = Release|Any CPU
		{DC5472F1-6DF5-4843-9415-FCAC8E4DEFC0}.Debug|Any CPU.ActiveCfg = Debug|Any CPU
		{DC5472F1-6DF5-4843-9415-FCAC8E4DEFC0}.Debug|Any CPU.Build.0 = Debug|Any CPU
		{DC5472F1-6DF5-4843-9415-FCAC8E4DEFC0}.Debug|x64.ActiveCfg = Debug|Any CPU
		{DC5472F1-6DF5-4843-9415-FCAC8E4DEFC0}.Debug|x64.Build.0 = Debug|Any CPU
		{DC5472F1-6DF5-4843-9415-FCAC8E4DEFC0}.Debug|x86.ActiveCfg = Debug|Any CPU
		{DC5472F1-6DF5-4843-9415-FCAC8E4DEFC0}.Debug|x86.Build.0 = Debug|Any CPU
		{DC5472F1-6DF5-4843-9415-FCAC8E4DEFC0}.Release|Any CPU.ActiveCfg = Release|Any CPU
		{DC5472F1-6DF5-4843-9415-FCAC8E4DEFC0}.Release|Any CPU.Build.0 = Release|Any CPU
		{DC5472F1-6DF5-4843-9415-FCAC8E4DEFC0}.Release|x64.ActiveCfg = Release|Any CPU
		{DC5472F1-6DF5-4843-9415-FCAC8E4DEFC0}.Release|x64.Build.0 = Release|Any CPU
		{DC5472F1-6DF5-4843-9415-FCAC8E4DEFC0}.Release|x86.ActiveCfg = Release|Any CPU
		{DC5472F1-6DF5-4843-9415-FCAC8E4DEFC0}.Release|x86.Build.0 = Release|Any CPU
		{96F086F2-CACC-4432-978B-A724013D17C8}.Debug|Any CPU.ActiveCfg = Debug|Any CPU
		{96F086F2-CACC-4432-978B-A724013D17C8}.Debug|Any CPU.Build.0 = Debug|Any CPU
		{96F086F2-CACC-4432-978B-A724013D17C8}.Debug|x64.ActiveCfg = Debug|Any CPU
		{96F086F2-CACC-4432-978B-A724013D17C8}.Debug|x64.Build.0 = Debug|Any CPU
		{96F086F2-CACC-4432-978B-A724013D17C8}.Debug|x86.ActiveCfg = Debug|Any CPU
		{96F086F2-CACC-4432-978B-A724013D17C8}.Debug|x86.Build.0 = Debug|Any CPU
		{96F086F2-CACC-4432-978B-A724013D17C8}.Release|Any CPU.ActiveCfg = Release|Any CPU
		{96F086F2-CACC-4432-978B-A724013D17C8}.Release|Any CPU.Build.0 = Release|Any CPU
		{96F086F2-CACC-4432-978B-A724013D17C8}.Release|x64.ActiveCfg = Release|Any CPU
		{96F086F2-CACC-4432-978B-A724013D17C8}.Release|x64.Build.0 = Release|Any CPU
		{96F086F2-CACC-4432-978B-A724013D17C8}.Release|x86.ActiveCfg = Release|Any CPU
		{96F086F2-CACC-4432-978B-A724013D17C8}.Release|x86.Build.0 = Release|Any CPU
		{A11DBFE1-84ED-43BC-AC16-2C0C6120734A}.Debug|Any CPU.ActiveCfg = Debug|Any CPU
		{A11DBFE1-84ED-43BC-AC16-2C0C6120734A}.Debug|Any CPU.Build.0 = Debug|Any CPU
		{A11DBFE1-84ED-43BC-AC16-2C0C6120734A}.Debug|x64.ActiveCfg = Debug|Any CPU
		{A11DBFE1-84ED-43BC-AC16-2C0C6120734A}.Debug|x64.Build.0 = Debug|Any CPU
		{A11DBFE1-84ED-43BC-AC16-2C0C6120734A}.Debug|x86.ActiveCfg = Debug|Any CPU
		{A11DBFE1-84ED-43BC-AC16-2C0C6120734A}.Debug|x86.Build.0 = Debug|Any CPU
		{A11DBFE1-84ED-43BC-AC16-2C0C6120734A}.Release|Any CPU.ActiveCfg = Release|Any CPU
		{A11DBFE1-84ED-43BC-AC16-2C0C6120734A}.Release|Any CPU.Build.0 = Release|Any CPU
		{A11DBFE1-84ED-43BC-AC16-2C0C6120734A}.Release|x64.ActiveCfg = Release|Any CPU
		{A11DBFE1-84ED-43BC-AC16-2C0C6120734A}.Release|x64.Build.0 = Release|Any CPU
		{A11DBFE1-84ED-43BC-AC16-2C0C6120734A}.Release|x86.ActiveCfg = Release|Any CPU
		{A11DBFE1-84ED-43BC-AC16-2C0C6120734A}.Release|x86.Build.0 = Release|Any CPU
		{FD723C90-42B2-4FAD-873D-24F924B80A80}.Debug|Any CPU.ActiveCfg = Debug|Any CPU
		{FD723C90-42B2-4FAD-873D-24F924B80A80}.Debug|Any CPU.Build.0 = Debug|Any CPU
		{FD723C90-42B2-4FAD-873D-24F924B80A80}.Debug|x64.ActiveCfg = Debug|Any CPU
		{FD723C90-42B2-4FAD-873D-24F924B80A80}.Debug|x64.Build.0 = Debug|Any CPU
		{FD723C90-42B2-4FAD-873D-24F924B80A80}.Debug|x86.ActiveCfg = Debug|Any CPU
		{FD723C90-42B2-4FAD-873D-24F924B80A80}.Debug|x86.Build.0 = Debug|Any CPU
		{FD723C90-42B2-4FAD-873D-24F924B80A80}.Release|Any CPU.ActiveCfg = Release|Any CPU
		{FD723C90-42B2-4FAD-873D-24F924B80A80}.Release|Any CPU.Build.0 = Release|Any CPU
		{FD723C90-42B2-4FAD-873D-24F924B80A80}.Release|x64.ActiveCfg = Release|Any CPU
		{FD723C90-42B2-4FAD-873D-24F924B80A80}.Release|x64.Build.0 = Release|Any CPU
		{FD723C90-42B2-4FAD-873D-24F924B80A80}.Release|x86.ActiveCfg = Release|Any CPU
		{FD723C90-42B2-4FAD-873D-24F924B80A80}.Release|x86.Build.0 = Release|Any CPU
		{99A409DB-542E-488B-9F0E-24C56A3CD13C}.Debug|Any CPU.ActiveCfg = Debug|Any CPU
		{99A409DB-542E-488B-9F0E-24C56A3CD13C}.Debug|Any CPU.Build.0 = Debug|Any CPU
		{99A409DB-542E-488B-9F0E-24C56A3CD13C}.Debug|x64.ActiveCfg = Debug|Any CPU
		{99A409DB-542E-488B-9F0E-24C56A3CD13C}.Debug|x64.Build.0 = Debug|Any CPU
		{99A409DB-542E-488B-9F0E-24C56A3CD13C}.Debug|x86.ActiveCfg = Debug|Any CPU
		{99A409DB-542E-488B-9F0E-24C56A3CD13C}.Debug|x86.Build.0 = Debug|Any CPU
		{99A409DB-542E-488B-9F0E-24C56A3CD13C}.Release|Any CPU.ActiveCfg = Release|Any CPU
		{99A409DB-542E-488B-9F0E-24C56A3CD13C}.Release|Any CPU.Build.0 = Release|Any CPU
		{99A409DB-542E-488B-9F0E-24C56A3CD13C}.Release|x64.ActiveCfg = Release|Any CPU
		{99A409DB-542E-488B-9F0E-24C56A3CD13C}.Release|x64.Build.0 = Release|Any CPU
		{99A409DB-542E-488B-9F0E-24C56A3CD13C}.Release|x86.ActiveCfg = Release|Any CPU
		{99A409DB-542E-488B-9F0E-24C56A3CD13C}.Release|x86.Build.0 = Release|Any CPU
		{8B595161-7536-4CC4-9C3B-CBA085917963}.Debug|Any CPU.ActiveCfg = Debug|Any CPU
		{8B595161-7536-4CC4-9C3B-CBA085917963}.Debug|Any CPU.Build.0 = Debug|Any CPU
		{8B595161-7536-4CC4-9C3B-CBA085917963}.Debug|x64.ActiveCfg = Debug|Any CPU
		{8B595161-7536-4CC4-9C3B-CBA085917963}.Debug|x64.Build.0 = Debug|Any CPU
		{8B595161-7536-4CC4-9C3B-CBA085917963}.Debug|x86.ActiveCfg = Debug|Any CPU
		{8B595161-7536-4CC4-9C3B-CBA085917963}.Debug|x86.Build.0 = Debug|Any CPU
		{8B595161-7536-4CC4-9C3B-CBA085917963}.Release|Any CPU.ActiveCfg = Release|Any CPU
		{8B595161-7536-4CC4-9C3B-CBA085917963}.Release|Any CPU.Build.0 = Release|Any CPU
		{8B595161-7536-4CC4-9C3B-CBA085917963}.Release|x64.ActiveCfg = Release|Any CPU
		{8B595161-7536-4CC4-9C3B-CBA085917963}.Release|x64.Build.0 = Release|Any CPU
		{8B595161-7536-4CC4-9C3B-CBA085917963}.Release|x86.ActiveCfg = Release|Any CPU
		{8B595161-7536-4CC4-9C3B-CBA085917963}.Release|x86.Build.0 = Release|Any CPU
		{2FD6DB52-F3D4-4E07-8A45-3F8121E16852}.Debug|Any CPU.ActiveCfg = Debug|Any CPU
		{2FD6DB52-F3D4-4E07-8A45-3F8121E16852}.Debug|Any CPU.Build.0 = Debug|Any CPU
		{2FD6DB52-F3D4-4E07-8A45-3F8121E16852}.Debug|x64.ActiveCfg = Debug|Any CPU
		{2FD6DB52-F3D4-4E07-8A45-3F8121E16852}.Debug|x64.Build.0 = Debug|Any CPU
		{2FD6DB52-F3D4-4E07-8A45-3F8121E16852}.Debug|x86.ActiveCfg = Debug|Any CPU
		{2FD6DB52-F3D4-4E07-8A45-3F8121E16852}.Debug|x86.Build.0 = Debug|Any CPU
		{2FD6DB52-F3D4-4E07-8A45-3F8121E16852}.Release|Any CPU.ActiveCfg = Release|Any CPU
		{2FD6DB52-F3D4-4E07-8A45-3F8121E16852}.Release|Any CPU.Build.0 = Release|Any CPU
		{2FD6DB52-F3D4-4E07-8A45-3F8121E16852}.Release|x64.ActiveCfg = Release|Any CPU
		{2FD6DB52-F3D4-4E07-8A45-3F8121E16852}.Release|x64.Build.0 = Release|Any CPU
		{2FD6DB52-F3D4-4E07-8A45-3F8121E16852}.Release|x86.ActiveCfg = Release|Any CPU
		{2FD6DB52-F3D4-4E07-8A45-3F8121E16852}.Release|x86.Build.0 = Release|Any CPU
		{63EF722C-1EA7-4766-ADC6-EACD126AA9CA}.Debug|Any CPU.ActiveCfg = Debug|Any CPU
		{63EF722C-1EA7-4766-ADC6-EACD126AA9CA}.Debug|Any CPU.Build.0 = Debug|Any CPU
		{63EF722C-1EA7-4766-ADC6-EACD126AA9CA}.Debug|x64.ActiveCfg = Debug|Any CPU
		{63EF722C-1EA7-4766-ADC6-EACD126AA9CA}.Debug|x64.Build.0 = Debug|Any CPU
		{63EF722C-1EA7-4766-ADC6-EACD126AA9CA}.Debug|x86.ActiveCfg = Debug|Any CPU
		{63EF722C-1EA7-4766-ADC6-EACD126AA9CA}.Debug|x86.Build.0 = Debug|Any CPU
		{63EF722C-1EA7-4766-ADC6-EACD126AA9CA}.Release|Any CPU.ActiveCfg = Release|Any CPU
		{63EF722C-1EA7-4766-ADC6-EACD126AA9CA}.Release|Any CPU.Build.0 = Release|Any CPU
		{63EF722C-1EA7-4766-ADC6-EACD126AA9CA}.Release|x64.ActiveCfg = Release|Any CPU
		{63EF722C-1EA7-4766-ADC6-EACD126AA9CA}.Release|x64.Build.0 = Release|Any CPU
		{63EF722C-1EA7-4766-ADC6-EACD126AA9CA}.Release|x86.ActiveCfg = Release|Any CPU
		{63EF722C-1EA7-4766-ADC6-EACD126AA9CA}.Release|x86.Build.0 = Release|Any CPU
		{BAC556F5-729C-446E-81B8-1B1410BBF1D1}.Debug|Any CPU.ActiveCfg = Debug|Any CPU
		{BAC556F5-729C-446E-81B8-1B1410BBF1D1}.Debug|Any CPU.Build.0 = Debug|Any CPU
		{BAC556F5-729C-446E-81B8-1B1410BBF1D1}.Debug|x64.ActiveCfg = Debug|Any CPU
		{BAC556F5-729C-446E-81B8-1B1410BBF1D1}.Debug|x64.Build.0 = Debug|Any CPU
		{BAC556F5-729C-446E-81B8-1B1410BBF1D1}.Debug|x86.ActiveCfg = Debug|Any CPU
		{BAC556F5-729C-446E-81B8-1B1410BBF1D1}.Debug|x86.Build.0 = Debug|Any CPU
		{BAC556F5-729C-446E-81B8-1B1410BBF1D1}.Release|Any CPU.ActiveCfg = Release|Any CPU
		{BAC556F5-729C-446E-81B8-1B1410BBF1D1}.Release|Any CPU.Build.0 = Release|Any CPU
		{BAC556F5-729C-446E-81B8-1B1410BBF1D1}.Release|x64.ActiveCfg = Release|Any CPU
		{BAC556F5-729C-446E-81B8-1B1410BBF1D1}.Release|x64.Build.0 = Release|Any CPU
		{BAC556F5-729C-446E-81B8-1B1410BBF1D1}.Release|x86.ActiveCfg = Release|Any CPU
		{BAC556F5-729C-446E-81B8-1B1410BBF1D1}.Release|x86.Build.0 = Release|Any CPU
		{6DD450C8-5B64-45C0-B3DF-0B3127D077E2}.Debug|Any CPU.ActiveCfg = Debug|Any CPU
		{6DD450C8-5B64-45C0-B3DF-0B3127D077E2}.Debug|Any CPU.Build.0 = Debug|Any CPU
		{6DD450C8-5B64-45C0-B3DF-0B3127D077E2}.Debug|x64.ActiveCfg = Debug|Any CPU
		{6DD450C8-5B64-45C0-B3DF-0B3127D077E2}.Debug|x64.Build.0 = Debug|Any CPU
		{6DD450C8-5B64-45C0-B3DF-0B3127D077E2}.Debug|x86.ActiveCfg = Debug|Any CPU
		{6DD450C8-5B64-45C0-B3DF-0B3127D077E2}.Debug|x86.Build.0 = Debug|Any CPU
		{6DD450C8-5B64-45C0-B3DF-0B3127D077E2}.Release|Any CPU.ActiveCfg = Release|Any CPU
		{6DD450C8-5B64-45C0-B3DF-0B3127D077E2}.Release|Any CPU.Build.0 = Release|Any CPU
		{6DD450C8-5B64-45C0-B3DF-0B3127D077E2}.Release|x64.ActiveCfg = Release|Any CPU
		{6DD450C8-5B64-45C0-B3DF-0B3127D077E2}.Release|x64.Build.0 = Release|Any CPU
		{6DD450C8-5B64-45C0-B3DF-0B3127D077E2}.Release|x86.ActiveCfg = Release|Any CPU
		{6DD450C8-5B64-45C0-B3DF-0B3127D077E2}.Release|x86.Build.0 = Release|Any CPU
		{925966A2-8727-47B8-985D-BAECBBEC5F15}.Debug|Any CPU.ActiveCfg = Debug|Any CPU
		{925966A2-8727-47B8-985D-BAECBBEC5F15}.Debug|Any CPU.Build.0 = Debug|Any CPU
		{925966A2-8727-47B8-985D-BAECBBEC5F15}.Debug|x64.ActiveCfg = Debug|Any CPU
		{925966A2-8727-47B8-985D-BAECBBEC5F15}.Debug|x64.Build.0 = Debug|Any CPU
		{925966A2-8727-47B8-985D-BAECBBEC5F15}.Debug|x86.ActiveCfg = Debug|Any CPU
		{925966A2-8727-47B8-985D-BAECBBEC5F15}.Debug|x86.Build.0 = Debug|Any CPU
		{925966A2-8727-47B8-985D-BAECBBEC5F15}.Release|Any CPU.ActiveCfg = Release|Any CPU
		{925966A2-8727-47B8-985D-BAECBBEC5F15}.Release|Any CPU.Build.0 = Release|Any CPU
		{925966A2-8727-47B8-985D-BAECBBEC5F15}.Release|x64.ActiveCfg = Release|Any CPU
		{925966A2-8727-47B8-985D-BAECBBEC5F15}.Release|x64.Build.0 = Release|Any CPU
		{925966A2-8727-47B8-985D-BAECBBEC5F15}.Release|x86.ActiveCfg = Release|Any CPU
		{925966A2-8727-47B8-985D-BAECBBEC5F15}.Release|x86.Build.0 = Release|Any CPU
		{84AABD4E-F272-4FE3-A26E-8EE9A008BA06}.Debug|Any CPU.ActiveCfg = Debug|Any CPU
		{84AABD4E-F272-4FE3-A26E-8EE9A008BA06}.Debug|Any CPU.Build.0 = Debug|Any CPU
		{84AABD4E-F272-4FE3-A26E-8EE9A008BA06}.Debug|x64.ActiveCfg = Debug|Any CPU
		{84AABD4E-F272-4FE3-A26E-8EE9A008BA06}.Debug|x64.Build.0 = Debug|Any CPU
		{84AABD4E-F272-4FE3-A26E-8EE9A008BA06}.Debug|x86.ActiveCfg = Debug|Any CPU
		{84AABD4E-F272-4FE3-A26E-8EE9A008BA06}.Debug|x86.Build.0 = Debug|Any CPU
		{84AABD4E-F272-4FE3-A26E-8EE9A008BA06}.Release|Any CPU.ActiveCfg = Release|Any CPU
		{84AABD4E-F272-4FE3-A26E-8EE9A008BA06}.Release|Any CPU.Build.0 = Release|Any CPU
		{84AABD4E-F272-4FE3-A26E-8EE9A008BA06}.Release|x64.ActiveCfg = Release|Any CPU
		{84AABD4E-F272-4FE3-A26E-8EE9A008BA06}.Release|x64.Build.0 = Release|Any CPU
		{84AABD4E-F272-4FE3-A26E-8EE9A008BA06}.Release|x86.ActiveCfg = Release|Any CPU
		{84AABD4E-F272-4FE3-A26E-8EE9A008BA06}.Release|x86.Build.0 = Release|Any CPU
		{4E9D2DD6-79B8-404E-B84B-38412F7A9509}.Debug|Any CPU.ActiveCfg = Debug|Any CPU
		{4E9D2DD6-79B8-404E-B84B-38412F7A9509}.Debug|Any CPU.Build.0 = Debug|Any CPU
		{4E9D2DD6-79B8-404E-B84B-38412F7A9509}.Debug|x64.ActiveCfg = Debug|Any CPU
		{4E9D2DD6-79B8-404E-B84B-38412F7A9509}.Debug|x64.Build.0 = Debug|Any CPU
		{4E9D2DD6-79B8-404E-B84B-38412F7A9509}.Debug|x86.ActiveCfg = Debug|Any CPU
		{4E9D2DD6-79B8-404E-B84B-38412F7A9509}.Debug|x86.Build.0 = Debug|Any CPU
		{4E9D2DD6-79B8-404E-B84B-38412F7A9509}.Release|Any CPU.ActiveCfg = Release|Any CPU
		{4E9D2DD6-79B8-404E-B84B-38412F7A9509}.Release|Any CPU.Build.0 = Release|Any CPU
		{4E9D2DD6-79B8-404E-B84B-38412F7A9509}.Release|x64.ActiveCfg = Release|Any CPU
		{4E9D2DD6-79B8-404E-B84B-38412F7A9509}.Release|x64.Build.0 = Release|Any CPU
		{4E9D2DD6-79B8-404E-B84B-38412F7A9509}.Release|x86.ActiveCfg = Release|Any CPU
		{4E9D2DD6-79B8-404E-B84B-38412F7A9509}.Release|x86.Build.0 = Release|Any CPU
		{ABA99A37-94E1-46B1-8786-261663C53081}.Debug|Any CPU.ActiveCfg = Debug|Any CPU
		{ABA99A37-94E1-46B1-8786-261663C53081}.Debug|Any CPU.Build.0 = Debug|Any CPU
		{ABA99A37-94E1-46B1-8786-261663C53081}.Debug|x64.ActiveCfg = Debug|Any CPU
		{ABA99A37-94E1-46B1-8786-261663C53081}.Debug|x64.Build.0 = Debug|Any CPU
		{ABA99A37-94E1-46B1-8786-261663C53081}.Debug|x86.ActiveCfg = Debug|Any CPU
		{ABA99A37-94E1-46B1-8786-261663C53081}.Debug|x86.Build.0 = Debug|Any CPU
		{ABA99A37-94E1-46B1-8786-261663C53081}.Release|Any CPU.ActiveCfg = Release|Any CPU
		{ABA99A37-94E1-46B1-8786-261663C53081}.Release|Any CPU.Build.0 = Release|Any CPU
		{ABA99A37-94E1-46B1-8786-261663C53081}.Release|x64.ActiveCfg = Release|Any CPU
		{ABA99A37-94E1-46B1-8786-261663C53081}.Release|x64.Build.0 = Release|Any CPU
		{ABA99A37-94E1-46B1-8786-261663C53081}.Release|x86.ActiveCfg = Release|Any CPU
		{ABA99A37-94E1-46B1-8786-261663C53081}.Release|x86.Build.0 = Release|Any CPU
	EndGlobalSection
	GlobalSection(SolutionProperties) = preSolution
		HideSolutionNode = FALSE
	EndGlobalSection
	GlobalSection(NestedProjects) = preSolution
		{52EEA608-5ABD-4578-B1CD-FF2EF99D886D} = {E36321F5-FB06-AC2D-1FF1-1F848A18A36F}
		{21E81882-EF37-4CD0-B9D7-FF19CA3E6B46} = {E36321F5-FB06-AC2D-1FF1-1F848A18A36F}
		{C4C75AFE-8079-4E44-8BA9-B78EC6028CC8} = {E36321F5-FB06-AC2D-1FF1-1F848A18A36F}
		{2A111806-6BF4-4272-83BC-BF2379E58A7E} = {E36321F5-FB06-AC2D-1FF1-1F848A18A36F}
		{2ED8617F-C590-43DE-8FB0-D611974EA991} = {E36321F5-FB06-AC2D-1FF1-1F848A18A36F}
		{745D1D5B-0595-6D8B-DA6C-B87A7CB673F9} = {24131DC4-047D-8BE2-8EA6-166C7D8F4695}
		{CD89096F-3E44-4ACB-B9D1-4949092D617D} = {745D1D5B-0595-6D8B-DA6C-B87A7CB673F9}
		{93F195F9-ED04-43E2-8CE7-186BA2C87782} = {745D1D5B-0595-6D8B-DA6C-B87A7CB673F9}
		{1105FD16-F608-436E-9BF5-A3E244B7494E} = {745D1D5B-0595-6D8B-DA6C-B87A7CB673F9}
		{9E3156CE-6866-436E-BFBD-5B03A3964104} = {745D1D5B-0595-6D8B-DA6C-B87A7CB673F9}
		{8FBE538C-2A53-482B-A953-17DC019E9E54} = {745D1D5B-0595-6D8B-DA6C-B87A7CB673F9}
		{C8FE6873-79B6-BF29-3F89-39DF84EB9862} = {D50CE0B6-9E1F-189D-7A98-4A8383ACB4B6}
		{487BE27B-90AC-4A7D-8CC6-0FE43F82FFEB} = {C8FE6873-79B6-BF29-3F89-39DF84EB9862}
		{4A846D1E-73A9-4664-A78F-66B00E99B7AE} = {C8FE6873-79B6-BF29-3F89-39DF84EB9862}
		{DC5472F1-6DF5-4843-9415-FCAC8E4DEFC0} = {C8FE6873-79B6-BF29-3F89-39DF84EB9862}
		{96F086F2-CACC-4432-978B-A724013D17C8} = {C8FE6873-79B6-BF29-3F89-39DF84EB9862}
		{3158297F-2FB5-D5B7-0694-18AAD7AC5DF4} = {29572279-E89C-22B2-3845-3BA7A10004AE}
		{A11DBFE1-84ED-43BC-AC16-2C0C6120734A} = {3158297F-2FB5-D5B7-0694-18AAD7AC5DF4}
		{FD723C90-42B2-4FAD-873D-24F924B80A80} = {3158297F-2FB5-D5B7-0694-18AAD7AC5DF4}
		{99A409DB-542E-488B-9F0E-24C56A3CD13C} = {3158297F-2FB5-D5B7-0694-18AAD7AC5DF4}
		{3F3A0272-98FF-362B-CC44-A9AC789C6933} = {FD34F748-9187-5A6D-D169-12C79F2F46EA}
		{8B595161-7536-4CC4-9C3B-CBA085917963} = {3F3A0272-98FF-362B-CC44-A9AC789C6933}
		{3BDCE6E1-2610-7A1B-EE8D-5BA946E51D49} = {FDD8A262-C11E-92F3-7FEE-07CF0492C105}
		{2FD6DB52-F3D4-4E07-8A45-3F8121E16852} = {3BDCE6E1-2610-7A1B-EE8D-5BA946E51D49}
		{63EF722C-1EA7-4766-ADC6-EACD126AA9CA} = {3BDCE6E1-2610-7A1B-EE8D-5BA946E51D49}
	EndGlobalSection
EndGlobal
